{
  "name": "node-typescript",
  "version": "1.0.0",
  "lockfileVersion": 1,
  "requires": true,
  "dependencies": {
    "typescript": {
      "version": "2.0.6",
      "resolved": "https://registry.npmjs.org/typescript/-/typescript-2.0.6.tgz",
      "integrity": "sha1-U4VJmsmBFQjCxD4OoHod3KQ14RE=",
      "dev": true
    }
  }
}
